
Microsoft Visual Studio Solution File, Format Version 12.00
# Visual Studio Version 16
VisualStudioVersion = 16.0.29926.136
MinimumVisualStudioVersion = 10.0.40219.1
Project("{FAE04EC0-301F-11D3-BF4B-00C04F79EFBC}") = "JogoPedraPapelTesoura", "JogoPedraPapelTesoura\JogoPedraPapelTesoura.csproj", "{89F67F72-C52D-4CC0-BA87-37A3FC58A34C}"
EndProject
Global
	GlobalSection(SolutionConfigurationPlatforms) = preSolution
		Debug|Any CPU = Debug|Any CPU
		Release|Any CPU = Release|Any CPU
	EndGlobalSection
	GlobalSection(ProjectConfigurationPlatforms) = postSolution
		{89F67F72-C52D-4CC0-BA87-37A3FC58A34C}.Debug|Any CPU.ActiveCfg = Debug|Any CPU
		{89F67F72-C52D-4CC0-BA87-37A3FC58A34C}.Debug|Any CPU.Build.0 = Debug|Any CPU
		{89F67F72-C52D-4CC0-BA87-37A3FC58A34C}.Release|Any CPU.ActiveCfg = Release|Any CPU
		{89F67F72-C52D-4CC0-BA87-37A3FC58A34C}.Release|Any CPU.Build.0 = Release|Any CPU
	EndGlobalSection
	GlobalSection(SolutionProperties) = preSolution
		HideSolutionNode = FALSE
	EndGlobalSection
	GlobalSection(ExtensibilityGlobals) = postSolution
		SolutionGuid = {1F9686F2-B79D-4B6A-BA65-B48E03B120D5}
	EndGlobalSection
EndGlobal
